
Microsoft Visual Studio Solution File, Format Version 12.00
# Visual Studio Version 17
VisualStudioVersion = 17.8.34330.188
MinimumVisualStudioVersion = 10.0.40219.1
Project("{FAE04EC0-301F-11D3-BF4B-00C04F79EFBC}") = "Avaliacao", "Avaliacao\Avaliacao.csproj", "{AA9B11AE-218F-4F59-883B-39532A045B75}"
EndProject
Global
	GlobalSection(SolutionConfigurationPlatforms) = preSolution
		Debug|Any CPU = Debug|Any CPU
		Release|Any CPU = Release|Any CPU
	EndGlobalSection
	GlobalSection(ProjectConfigurationPlatforms) = postSolution
		{AA9B11AE-218F-4F59-883B-39532A045B75}.Debug|Any CPU.ActiveCfg = Debug|Any CPU
		{AA9B11AE-218F-4F59-883B-39532A045B75}.Debug|Any CPU.Build.0 = Debug|Any CPU
		{AA9B11AE-218F-4F59-883B-39532A045B75}.Release|Any CPU.ActiveCfg = Release|Any CPU
		{AA9B11AE-218F-4F59-883B-39532A045B75}.Release|Any CPU.Build.0 = Release|Any CPU
	EndGlobalSection
	GlobalSection(SolutionProperties) = preSolution
		HideSolutionNode = FALSE
	EndGlobalSection
	GlobalSection(ExtensibilityGlobals) = postSolution
		SolutionGuid = {84A753C1-9446-4972-87A8-A501B3AC428A}
	EndGlobalSection
EndGlobal
